
Microsoft Visual Studio Solution File, Format Version 12.00
# Visual Studio Version 17
VisualStudioVersion = 17.9.34701.34
MinimumVisualStudioVersion = 10.0.40219.1
Project("{FAE04EC0-301F-11D3-BF4B-00C04F79EFBC}") = "Logi-Gui", "Logi-Gui.csproj", "{EE53F692-7FE4-4CBD-B0FB-C3F3F0327A8D}"
EndProject
Global
	GlobalSection(SolutionConfigurationPlatforms) = preSolution
		Debug|Any CPU = Debug|Any CPU
		Release|Any CPU = Release|Any CPU
	EndGlobalSection
	GlobalSection(ProjectConfigurationPlatforms) = postSolution
		{EE53F692-7FE4-4CBD-B0FB-C3F3F0327A8D}.Debug|Any CPU.ActiveCfg = Debug|Any CPU
		{EE53F692-7FE4-4CBD-B0FB-C3F3F0327A8D}.Debug|Any CPU.Build.0 = Debug|Any CPU
		{EE53F692-7FE4-4CBD-B0FB-C3F3F0327A8D}.Release|Any CPU.ActiveCfg = Release|Any CPU
		{EE53F692-7FE4-4CBD-B0FB-C3F3F0327A8D}.Release|Any CPU.Build.0 = Release|Any CPU
	EndGlobalSection
	GlobalSection(SolutionProperties) = preSolution
		HideSolutionNode = FALSE
	EndGlobalSection
	GlobalSection(ExtensibilityGlobals) = postSolution
		SolutionGuid = {6E200922-1FF3-43E1-98DF-24FD0A17A8C8}
	EndGlobalSection
EndGlobal
